
Microsoft Visual Studio Solution File, Format Version 12.00
# Visual Studio Version 17
VisualStudioVersion = 17.7.34221.43
MinimumVisualStudioVersion = 10.0.40219.1
Project("{FAE04EC0-301F-11D3-BF4B-00C04F79EFBC}") = "rs2-rent-sistem-api", "rs2-rent-sistem-api.csproj", "{D4C76013-0B4C-4A56-8D17-5D8DB3BD9E5A}"
EndProject
Project("{FAE04EC0-301F-11D3-BF4B-00C04F79EFBC}") = "rs2-rent-sistem.models", "..\rs2-rent-sistem.models\rs2-rent-sistem.models.csproj", "{A1152BAD-2F10-4863-9215-246C0EFBA67E}"
EndProject
Project("{FAE04EC0-301F-11D3-BF4B-00C04F79EFBC}") = "rs2-rent-sistem.services", "..\rs2-rent-sistem.services\rs2-rent-sistem.services.csproj", "{DD1A2201-097B-45EA-87BC-B68135CDE2D0}"
EndProject
Global
	GlobalSection(SolutionConfigurationPlatforms) = preSolution
		Debug|Any CPU = Debug|Any CPU
		Release|Any CPU = Release|Any CPU
	EndGlobalSection
	GlobalSection(ProjectConfigurationPlatforms) = postSolution
		{D4C76013-0B4C-4A56-8D17-5D8DB3BD9E5A}.Debug|Any CPU.ActiveCfg = Debug|Any CPU
		{D4C76013-0B4C-4A56-8D17-5D8DB3BD9E5A}.Debug|Any CPU.Build.0 = Debug|Any CPU
		{D4C76013-0B4C-4A56-8D17-5D8DB3BD9E5A}.Release|Any CPU.ActiveCfg = Release|Any CPU
		{D4C76013-0B4C-4A56-8D17-5D8DB3BD9E5A}.Release|Any CPU.Build.0 = Release|Any CPU
		{A1152BAD-2F10-4863-9215-246C0EFBA67E}.Debug|Any CPU.ActiveCfg = Debug|Any CPU
		{A1152BAD-2F10-4863-9215-246C0EFBA67E}.Debug|Any CPU.Build.0 = Debug|Any CPU
		{A1152BAD-2F10-4863-9215-246C0EFBA67E}.Release|Any CPU.ActiveCfg = Release|Any CPU
		{A1152BAD-2F10-4863-9215-246C0EFBA67E}.Release|Any CPU.Build.0 = Release|Any CPU
		{DD1A2201-097B-45EA-87BC-B68135CDE2D0}.Debug|Any CPU.ActiveCfg = Debug|Any CPU
		{DD1A2201-097B-45EA-87BC-B68135CDE2D0}.Debug|Any CPU.Build.0 = Debug|Any CPU
		{DD1A2201-097B-45EA-87BC-B68135CDE2D0}.Release|Any CPU.ActiveCfg = Release|Any CPU
		{DD1A2201-097B-45EA-87BC-B68135CDE2D0}.Release|Any CPU.Build.0 = Release|Any CPU
	EndGlobalSection
	GlobalSection(SolutionProperties) = preSolution
		HideSolutionNode = FALSE
	EndGlobalSection
	GlobalSection(ExtensibilityGlobals) = postSolution
		SolutionGuid = {8186C78E-70C6-4276-A481-5020425E81A2}
	EndGlobalSection
EndGlobal
